
Microsoft Visual Studio Solution File, Format Version 12.00
# Visual Studio Version 17
VisualStudioVersion = 17.4.33213.308
MinimumVisualStudioVersion = 10.0.40219.1
Project("{8BC9CEB8-8B4A-11D0-8D11-00A0C91BC942}") = "Project1", "Project1\Project1.vcxproj", "{92397EB1-C4B7-4964-A9F0-30A2FFEE5DD2}"
EndProject
Global
	GlobalSection(SolutionConfigurationPlatforms) = preSolution
		Debug|x64 = Debug|x64
		Debug|x86 = Debug|x86
		Release|x64 = Release|x64
		Release|x86 = Release|x86
	EndGlobalSection
	GlobalSection(ProjectConfigurationPlatforms) = postSolution
		{92397EB1-C4B7-4964-A9F0-30A2FFEE5DD2}.Debug|x64.ActiveCfg = Debug|x64
		{92397EB1-C4B7-4964-A9F0-30A2FFEE5DD2}.Debug|x64.Build.0 = Debug|x64
		{92397EB1-C4B7-4964-A9F0-30A2FFEE5DD2}.Debug|x86.ActiveCfg = Debug|Win32
		{92397EB1-C4B7-4964-A9F0-30A2FFEE5DD2}.Debug|x86.Build.0 = Debug|Win32
		{92397EB1-C4B7-4964-A9F0-30A2FFEE5DD2}.Release|x64.ActiveCfg = Release|x64
		{92397EB1-C4B7-4964-A9F0-30A2FFEE5DD2}.Release|x64.Build.0 = Release|x64
		{92397EB1-C4B7-4964-A9F0-30A2FFEE5DD2}.Release|x86.ActiveCfg = Release|Win32
		{92397EB1-C4B7-4964-A9F0-30A2FFEE5DD2}.Release|x86.Build.0 = Release|Win32
	EndGlobalSection
	GlobalSection(SolutionProperties) = preSolution
		HideSolutionNode = FALSE
	EndGlobalSection
	GlobalSection(ExtensibilityGlobals) = postSolution
		SolutionGuid = {EA8CB316-25D6-4600-99CC-E2D8FAFC2814}
	EndGlobalSection
EndGlobal
